
Microsoft Visual Studio Solution File, Format Version 12.00
# Visual Studio Version 17
VisualStudioVersion = 17.13.35828.75 d17.13
MinimumVisualStudioVersion = 10.0.40219.1
Project("{FAE04EC0-301F-11D3-BF4B-00C04F79EFBC}") = "CarInsurance", "CarInsurance\CarInsurance.csproj", "{61BE8D89-8535-4162-AF0D-5DD80CE4C983}"
EndProject
Global
	GlobalSection(SolutionConfigurationPlatforms) = preSolution
		Debug|Any CPU = Debug|Any CPU
		Release|Any CPU = Release|Any CPU
	EndGlobalSection
	GlobalSection(ProjectConfigurationPlatforms) = postSolution
		{61BE8D89-8535-4162-AF0D-5DD80CE4C983}.Debug|Any CPU.ActiveCfg = Debug|Any CPU
		{61BE8D89-8535-4162-AF0D-5DD80CE4C983}.Debug|Any CPU.Build.0 = Debug|Any CPU
		{61BE8D89-8535-4162-AF0D-5DD80CE4C983}.Release|Any CPU.ActiveCfg = Release|Any CPU
		{61BE8D89-8535-4162-AF0D-5DD80CE4C983}.Release|Any CPU.Build.0 = Release|Any CPU
	EndGlobalSection
	GlobalSection(SolutionProperties) = preSolution
		HideSolutionNode = FALSE
	EndGlobalSection
	GlobalSection(ExtensibilityGlobals) = postSolution
		SolutionGuid = {4CD01C6E-25B3-4265-BDB0-C692A2433AE1}
	EndGlobalSection
EndGlobal
